
Microsoft Visual Studio Solution File, Format Version 12.00
# Visual Studio Version 16
VisualStudioVersion = 16.0.32228.343
MinimumVisualStudioVersion = 10.0.40219.1
Project("{9A19103F-16F7-4668-BE54-9A1E7A4F7556}") = "1.ZenOfDesignPattern", "1.ZenOfDesignPattern\1.ZenOfDesignPattern.csproj", "{785EB4B7-79B6-418B-BBCA-6BE50134CF12}"
EndProject
Project("{9A19103F-16F7-4668-BE54-9A1E7A4F7556}") = "2.DesignPatternPK", "2.DesignPatternPK\2.DesignPatternPK.csproj", "{6B4E27F7-E119-48C5-8B1A-6462F5156327}"
EndProject
Project("{FAE04EC0-301F-11D3-BF4B-00C04F79EFBC}") = "3.MixedMode", "3.MixedMode\3.MixedMode.csproj", "{921BF59F-67D4-4631-9DD0-379696F1BFD9}"
EndProject
Global
	GlobalSection(SolutionConfigurationPlatforms) = preSolution
		Debug|Any CPU = Debug|Any CPU
		Release|Any CPU = Release|Any CPU
	EndGlobalSection
	GlobalSection(ProjectConfigurationPlatforms) = postSolution
		{785EB4B7-79B6-418B-BBCA-6BE50134CF12}.Debug|Any CPU.ActiveCfg = Debug|Any CPU
		{785EB4B7-79B6-418B-BBCA-6BE50134CF12}.Debug|Any CPU.Build.0 = Debug|Any CPU
		{785EB4B7-79B6-418B-BBCA-6BE50134CF12}.Release|Any CPU.ActiveCfg = Release|Any CPU
		{785EB4B7-79B6-418B-BBCA-6BE50134CF12}.Release|Any CPU.Build.0 = Release|Any CPU
		{6B4E27F7-E119-48C5-8B1A-6462F5156327}.Debug|Any CPU.ActiveCfg = Debug|Any CPU
		{6B4E27F7-E119-48C5-8B1A-6462F5156327}.Debug|Any CPU.Build.0 = Debug|Any CPU
		{6B4E27F7-E119-48C5-8B1A-6462F5156327}.Release|Any CPU.ActiveCfg = Release|Any CPU
		{6B4E27F7-E119-48C5-8B1A-6462F5156327}.Release|Any CPU.Build.0 = Release|Any CPU
		{921BF59F-67D4-4631-9DD0-379696F1BFD9}.Debug|Any CPU.ActiveCfg = Debug|Any CPU
		{921BF59F-67D4-4631-9DD0-379696F1BFD9}.Debug|Any CPU.Build.0 = Debug|Any CPU
		{921BF59F-67D4-4631-9DD0-379696F1BFD9}.Release|Any CPU.ActiveCfg = Release|Any CPU
		{921BF59F-67D4-4631-9DD0-379696F1BFD9}.Release|Any CPU.Build.0 = Release|Any CPU
	EndGlobalSection
	GlobalSection(SolutionProperties) = preSolution
		HideSolutionNode = FALSE
	EndGlobalSection
	GlobalSection(ExtensibilityGlobals) = postSolution
		SolutionGuid = {174837FD-D03B-4A50-9C5E-743BCE1B584A}
	EndGlobalSection
EndGlobal
